
Microsoft Visual Studio Solution File, Format Version 12.00
# Visual Studio Version 17
VisualStudioVersion = 17.5.33424.131
MinimumVisualStudioVersion = 10.0.40219.1
Project("{FAE04EC0-301F-11D3-BF4B-00C04F79EFBC}") = "Gauss", "Gauss.csproj", "{9E66DDFF-1AEE-4B2C-AD43-CD8CFBF8D332}"
EndProject
Global
	GlobalSection(SolutionConfigurationPlatforms) = preSolution
		Debug|Any CPU = Debug|Any CPU
		Release|Any CPU = Release|Any CPU
	EndGlobalSection
	GlobalSection(ProjectConfigurationPlatforms) = postSolution
		{9E66DDFF-1AEE-4B2C-AD43-CD8CFBF8D332}.Debug|Any CPU.ActiveCfg = Debug|Any CPU
		{9E66DDFF-1AEE-4B2C-AD43-CD8CFBF8D332}.Debug|Any CPU.Build.0 = Debug|Any CPU
		{9E66DDFF-1AEE-4B2C-AD43-CD8CFBF8D332}.Release|Any CPU.ActiveCfg = Release|Any CPU
		{9E66DDFF-1AEE-4B2C-AD43-CD8CFBF8D332}.Release|Any CPU.Build.0 = Release|Any CPU
	EndGlobalSection
	GlobalSection(SolutionProperties) = preSolution
		HideSolutionNode = FALSE
	EndGlobalSection
	GlobalSection(ExtensibilityGlobals) = postSolution
		SolutionGuid = {FE9CEA0A-2BB0-4C86-97CF-9D9680F07E48}
	EndGlobalSection
EndGlobal
